
Microsoft Visual Studio Solution File, Format Version 12.00
# Visual Studio 15
VisualStudioVersion = 15.0.27703.2047
MinimumVisualStudioVersion = 10.0.40219.1
Project("{FAE04EC0-301F-11D3-BF4B-00C04F79EFBC}") = "homework18", "homework18\homework18.csproj", "{317409C8-596C-4EE4-8EF7-584C8D786FDA}"
EndProject
Global
	GlobalSection(SolutionConfigurationPlatforms) = preSolution
		Debug|Any CPU = Debug|Any CPU
		Release|Any CPU = Release|Any CPU
	EndGlobalSection
	GlobalSection(ProjectConfigurationPlatforms) = postSolution
		{317409C8-596C-4EE4-8EF7-584C8D786FDA}.Debug|Any CPU.ActiveCfg = Debug|Any CPU
		{317409C8-596C-4EE4-8EF7-584C8D786FDA}.Debug|Any CPU.Build.0 = Debug|Any CPU
		{317409C8-596C-4EE4-8EF7-584C8D786FDA}.Release|Any CPU.ActiveCfg = Release|Any CPU
		{317409C8-596C-4EE4-8EF7-584C8D786FDA}.Release|Any CPU.Build.0 = Release|Any CPU
	EndGlobalSection
	GlobalSection(SolutionProperties) = preSolution
		HideSolutionNode = FALSE
	EndGlobalSection
	GlobalSection(ExtensibilityGlobals) = postSolution
		SolutionGuid = {AD1AE842-E0B5-4713-B999-3997246850F0}
	EndGlobalSection
EndGlobal
